
Microsoft Visual Studio Solution File, Format Version 12.00
# Visual Studio 15
VisualStudioVersion = 15.0.27004.2010
MinimumVisualStudioVersion = 10.0.40219.1
Project("{FAE04EC0-301F-11D3-BF4B-00C04F79EFBC}") = "DeadlineManagementDB", "..\DeadlineManagementDB\DeadlineManagementDB.csproj", "{7290DDDE-4A19-45C0-8D2C-AD1694A84940}"
EndProject
Project("{FAE04EC0-301F-11D3-BF4B-00C04F79EFBC}") = "DeadlineManagementConsole", "..\DeadlineManagementConsole\DeadlineManagementConsole.csproj", "{729D8C89-0B00-42F9-8148-31951E61C5C9}"
EndProject
Project("{FAE04EC0-301F-11D3-BF4B-00C04F79EFBC}") = "DeadlineManagmentSystem", "DeadlineManagmentSystem.csproj", "{8CFF77E0-A441-4C6A-9CB5-B468ADB35017}"
EndProject
Global
	GlobalSection(SolutionConfigurationPlatforms) = preSolution
		Debug|Any CPU = Debug|Any CPU
		Release|Any CPU = Release|Any CPU
	EndGlobalSection
	GlobalSection(ProjectConfigurationPlatforms) = postSolution
		{7290DDDE-4A19-45C0-8D2C-AD1694A84940}.Debug|Any CPU.ActiveCfg = Debug|Any CPU
		{7290DDDE-4A19-45C0-8D2C-AD1694A84940}.Debug|Any CPU.Build.0 = Debug|Any CPU
		{7290DDDE-4A19-45C0-8D2C-AD1694A84940}.Release|Any CPU.ActiveCfg = Release|Any CPU
		{7290DDDE-4A19-45C0-8D2C-AD1694A84940}.Release|Any CPU.Build.0 = Release|Any CPU
		{729D8C89-0B00-42F9-8148-31951E61C5C9}.Debug|Any CPU.ActiveCfg = Debug|Any CPU
		{729D8C89-0B00-42F9-8148-31951E61C5C9}.Debug|Any CPU.Build.0 = Debug|Any CPU
		{729D8C89-0B00-42F9-8148-31951E61C5C9}.Release|Any CPU.ActiveCfg = Release|Any CPU
		{729D8C89-0B00-42F9-8148-31951E61C5C9}.Release|Any CPU.Build.0 = Release|Any CPU
		{8CFF77E0-A441-4C6A-9CB5-B468ADB35017}.Debug|Any CPU.ActiveCfg = Debug|Any CPU
		{8CFF77E0-A441-4C6A-9CB5-B468ADB35017}.Debug|Any CPU.Build.0 = Debug|Any CPU
		{8CFF77E0-A441-4C6A-9CB5-B468ADB35017}.Release|Any CPU.ActiveCfg = Release|Any CPU
		{8CFF77E0-A441-4C6A-9CB5-B468ADB35017}.Release|Any CPU.Build.0 = Release|Any CPU
	EndGlobalSection
	GlobalSection(SolutionProperties) = preSolution
		HideSolutionNode = FALSE
	EndGlobalSection
	GlobalSection(ExtensibilityGlobals) = postSolution
		SolutionGuid = {3B97DD65-39E1-44B6-A72E-9DD0E3C8FEDB}
	EndGlobalSection
EndGlobal
